schema: '2.0'
stages:
  prepare:
    cmd: echo "Verificando que los datos existen..."
    deps:
    - path: data/iris_dataset.csv
      hash: md5
      md5: 21d441a28bce4417276097df955afc50
      size: 2928
  train:
    cmd: python train.py --n_estimators 200
    deps:
    - path: data/iris_dataset.csv
      hash: md5
      md5: 21d441a28bce4417276097df955afc50
      size: 2928
    - path: requirements.txt
      hash: md5
      md5: c4889b5650c1d9715bd5174d2d273552
      size: 100
    - path: train.py
      hash: md5
      md5: 67ebc85869521acb3e9ed7b983890015
      size: 2443
    params:
      params.yaml:
        train.n_estimators: 200
    outs:
    - path: confusion_matrix.png
      hash: md5
      md5: 8bb54284cd039c28cafd1657963420b8
      size: 19229
    - path: mlflow_metrics.json
      hash: md5
      md5: 9a0379eaa11dd7b9e9995a62a5f21656
      size: 17
    - path: models/model.pkl
      hash: md5
      md5: 64804547e1456f802c2b9fef23e3db4e
      size: 370017
